
Microsoft Visual Studio Solution File, Format Version 11.00
# Visual Studio 2010
Project("{FAE04EC0-301F-11D3-BF4B-00C04F79EFBC}") = "MVC_Jquery_Template", "MVC_Jquery_Template\MVC_Jquery_Template.csproj", "{CC9A1FCF-8DEB-4864-8CA8-A41C89127631}"
EndProject
Global
	GlobalSection(SolutionConfigurationPlatforms) = preSolution
		Debug|Any CPU = Debug|Any CPU
		Release|Any CPU = Release|Any CPU
	EndGlobalSection
	GlobalSection(ProjectConfigurationPlatforms) = postSolution
		{CC9A1FCF-8DEB-4864-8CA8-A41C89127631}.Debug|Any CPU.ActiveCfg = Debug|Any CPU
		{CC9A1FCF-8DEB-4864-8CA8-A41C89127631}.Debug|Any CPU.Build.0 = Debug|Any CPU
		{CC9A1FCF-8DEB-4864-8CA8-A41C89127631}.Release|Any CPU.ActiveCfg = Release|Any CPU
		{CC9A1FCF-8DEB-4864-8CA8-A41C89127631}.Release|Any CPU.Build.0 = Release|Any CPU
	EndGlobalSection
	GlobalSection(SolutionProperties) = preSolution
		HideSolutionNode = FALSE
	EndGlobalSection
EndGlobal
